
Microsoft Visual Studio Solution File, Format Version 12.00
# Visual Studio Version 18
VisualStudioVersion = 18.6.11806.211 stable
MinimumVisualStudioVersion = 10.0.40219.1
Project("{FAE04EC0-301F-11D3-BF4B-00C04F79EFBC}") = "OenyHrszKereso", "OenyHrszKereso.csproj", "{20661907-3A66-681C-8411-7E21EAE670DA}"
EndProject
Global
	GlobalSection(SolutionConfigurationPlatforms) = preSolution
		Debug|Any CPU = Debug|Any CPU
		Release|Any CPU = Release|Any CPU
	EndGlobalSection
	GlobalSection(ProjectConfigurationPlatforms) = postSolution
		{20661907-3A66-681C-8411-7E21EAE670DA}.Debug|Any CPU.ActiveCfg = Debug|Any CPU
		{20661907-3A66-681C-8411-7E21EAE670DA}.Debug|Any CPU.Build.0 = Debug|Any CPU
		{20661907-3A66-681C-8411-7E21EAE670DA}.Release|Any CPU.ActiveCfg = Release|Any CPU
		{20661907-3A66-681C-8411-7E21EAE670DA}.Release|Any CPU.Build.0 = Release|Any CPU
	EndGlobalSection
	GlobalSection(SolutionProperties) = preSolution
		HideSolutionNode = FALSE
	EndGlobalSection
	GlobalSection(ExtensibilityGlobals) = postSolution
		SolutionGuid = {4E238B71-34B0-4A14-94B7-B1C857B730C7}
	EndGlobalSection
EndGlobal
